
Microsoft Visual Studio Solution File, Format Version 12.00
# Visual Studio Version 17
VisualStudioVersion = 17.14.36603.0
MinimumVisualStudioVersion = 10.0.40219.1
Project("{FAE04EC0-301F-11D3-BF4B-00C04F79EFBC}") = "WinFormsApp1", "WinFormsApp1\WinFormsApp1.csproj", "{565691BB-34CA-49D6-A2D2-F2007AB06198}"
EndProject
Global
	GlobalSection(SolutionConfigurationPlatforms) = preSolution
		Debug|Any CPU = Debug|Any CPU
		Release|Any CPU = Release|Any CPU
	EndGlobalSection
	GlobalSection(ProjectConfigurationPlatforms) = postSolution
		{565691BB-34CA-49D6-A2D2-F2007AB06198}.Debug|Any CPU.ActiveCfg = Debug|Any CPU
		{565691BB-34CA-49D6-A2D2-F2007AB06198}.Debug|Any CPU.Build.0 = Debug|Any CPU
		{565691BB-34CA-49D6-A2D2-F2007AB06198}.Release|Any CPU.ActiveCfg = Release|Any CPU
		{565691BB-34CA-49D6-A2D2-F2007AB06198}.Release|Any CPU.Build.0 = Release|Any CPU
	EndGlobalSection
	GlobalSection(SolutionProperties) = preSolution
		HideSolutionNode = FALSE
	EndGlobalSection
	GlobalSection(ExtensibilityGlobals) = postSolution
		SolutionGuid = {86D137CB-059C-465C-8E9D-0186DAE579FF}
	EndGlobalSection
EndGlobal
